// !$*UTF8*$!
{
	archiveVersion = 1;
	classes = {
	};
	objectVersion = 51;
	objects = {

/* Begin PBXBuildFile section */
		81924D59245A71C800555208 /* AppDelegate.swift in Sources */ = {isa = PBXBuildFile; fileRef = 81924D58245A71C800555208 /* AppDelegate.swift */; };
		81924D5B245A71C800555208 /* SceneDelegate.swift in Sources */ = {isa = PBXBuildFile; fileRef = 81924D5A245A71C800555208 /* SceneDelegate.swift */; };
		81924D5D245A71C800555208 /* ViewController.swift in Sources */ = {isa = PBXBuildFile; fileRef = 81924D5C245A71C800555208 /* ViewController.swift */; };
		81924D60245A71C800555208 /* Main.storyboard in Resources */ = {isa = PBXBuildFile; fileRef = 81924D5E245A71C800555208 /* Main.storyboard */; };
		81924D62245A71CA00555208 /* Assets.xcassets in Resources */ = {isa = PBXBuildFile; fileRef = 81924D61245A71CA00555208 /* Assets.xcassets */; };
		81924D65245A71CA00555208 /* LaunchScreen.storyboard in Resources */ = {isa = PBXBuildFile; fileRef = 81924D63245A71CA00555208 /* LaunchScreen.storyboard */; };
		81924D6D245A71DE00555208 /* SwiftButton.swift in Sources */ = {isa = PBXBuildFile; fileRef = 81924D6C245A71DE00555208 /* SwiftButton.swift */; };
		E20EA253FECF812989CB229E /* Pods_SwiftButton.framework in Frameworks */ = {isa = PBXBuildFile; fileRef = 7BAC665CF8756E663BFAA3F8 /* Pods_SwiftButton.framework */; };
/* End PBXBuildFile section */

/* Begin PBXFileReference section */
		7BAC665CF8756E663BFAA3F8 /* Pods_SwiftButton.framework */ = {isa = PBXFileReference; explicitFileType = wrapper.framework; includeInIndex = 0; path = Pods_SwiftButton.framework; sourceTree = BUILT_PRODUCTS_DIR; };
		81924D55245A71C800555208 /* SwiftButton.app */ = {isa = PBXFileReference; explicitFileType = wrapper.application; includeInIndex = 0; path = SwiftButton.app; sourceTree = BUILT_PRODUCTS_DIR; };
		81924D58245A71C800555208 /* AppDelegate.swift */ = {isa = PBXFileReference; lastKnownFileType = sourcecode.swift; path = AppDelegate.swift; sourceTree = "<group>"; };
		81924D5A245A71C800555208 /* SceneDelegate.swift */ = {isa = PBXFileReference; lastKnownFileType = sourcecode.swift; path = SceneDelegate.swift; sourceTree = "<group>"; };
		81924D5C245A71C800555208 /* ViewController.swift */ = {isa = PBXFileReference; lastKnownFileType = sourcecode.swift; path = ViewController.swift; sourceTree = "<group>"; };
		81924D5F245A71C800555208 /* Base */ = {isa = PBXFileReference; lastKnownFileType = file.storyboard; name = Base; path = Base.lproj/Main.storyboard; sourceTree = "<group>"; };
		81924D61245A71CA00555208 /* Assets.xcassets */ = {isa = PBXFileReference; lastKnownFileType = folder.assetcatalog; path = Assets.xcassets; sourceTree = "<group>"; };
		81924D64245A71CA00555208 /* Base */ = {isa = PBXFileReference; lastKnownFileType = file.storyboard; name = Base; path = Base.lproj/LaunchScreen.storyboard; sourceTree = "<group>"; };
		81924D66245A71CA00555208 /* Info.plist */ = {isa = PBXFileReference; lastKnownFileType = text.plist.xml; path = Info.plist; sourceTree = "<group>"; };
		81924D6C245A71DE00555208 /* SwiftButton.swift */ = {isa = PBXFileReference; fileEncoding = 4; lastKnownFileType = sourcecode.swift; path = SwiftButton.swift; sourceTree = "<group>"; };
		858E65DD36A36C3EC1940A2F /* Pods-SwiftButton.release.xcconfig */ = {isa = PBXFileReference; includeInIndex = 1; lastKnownFileType = text.xcconfig; name = "Pods-SwiftButton.release.xcconfig"; path = "Target Support Files/Pods-SwiftButton/Pods-SwiftButton.release.xcconfig"; sourceTree = "<group>"; };
		DEA6658717458D5704D51C3A /* Pods-SwiftButton.debug.xcconfig */ = {isa = PBXFileReference; includeInIndex = 1; lastKnownFileType = text.xcconfig; name = "Pods-SwiftButton.debug.xcconfig"; path = "Target Support Files/Pods-SwiftButton/Pods-SwiftButton.debug.xcconfig"; sourceTree = "<group>"; };
/* End PBXFileReference section */

/* Begin PBXFrameworksBuildPhase section */
		81924D52245A71C800555208 /* Frameworks */ = {
			isa = PBXFrameworksBuildPhase;
			buildActionMask = 2147483647;
			files = (
				E20EA253FECF812989CB229E /* Pods_SwiftButton.framework in Frameworks */,
			);
			runOnlyForDeploymentPostprocessing = 0;
		};
/* End PBXFrameworksBuildPhase section */

/* Begin PBXGroup section */
		65022D723125D92063A9E422 /* Pods */ = {
			isa = PBXGroup;
			children = (
				DEA6658717458D5704D51C3A /* Pods-SwiftButton.debug.xcconfig */,
				858E65DD36A36C3EC1940A2F /* Pods-SwiftButton.release.xcconfig */,
			);
			path = Pods;
			sourceTree = "<group>";
		};
		816B1D0724C5720D0049DFAE /* Class */ = {
			isa = PBXGroup;
			children = (
				81924D6C245A71DE00555208 /* SwiftButton.swift */,
			);
			path = Class;
			sourceTree = "<group>";
		};
		81924D4C245A71C800555208 = {
			isa = PBXGroup;
			children = (
				81924D57245A71C800555208 /* SwiftButton */,
				81924D56245A71C800555208 /* Products */,
				65022D723125D92063A9E422 /* Pods */,
				F2BAB97CC727D4381F9D8A73 /* Frameworks */,
			);
			sourceTree = "<group>";
		};
		81924D56245A71C800555208 /* Products */ = {
			isa = PBXGroup;
			children = (
				81924D55245A71C800555208 /* SwiftButton.app */,
			);
			name = Products;
			sourceTree = "<group>";
		};
		81924D57245A71C800555208 /* SwiftButton */ = {
			isa = PBXGroup;
			children = (
				816B1D0724C5720D0049DFAE /* Class */,
				81924D58245A71C800555208 /* AppDelegate.swift */,
				81924D5A245A71C800555208 /* SceneDelegate.swift */,
				81924D5C245A71C800555208 /* ViewController.swift */,
				81924D5E245A71C800555208 /* Main.storyboard */,
				81924D61245A71CA00555208 /* Assets.xcassets */,
				81924D63245A71CA00555208 /* LaunchScreen.storyboard */,
				81924D66245A71CA00555208 /* Info.plist */,
			);
			path = SwiftButton;
			sourceTree = "<group>";
		};
		F2BAB97CC727D4381F9D8A73 /* Frameworks */ = {
			isa = PBXGroup;
			children = (
				7BAC665CF8756E663BFAA3F8 /* Pods_SwiftButton.framework */,
			);
			name = Frameworks;
			sourceTree = "<group>";
		};
/* End PBXGroup section */

/* Begin PBXNativeTarget section */
		81924D54245A71C800555208 /* SwiftButton */ = {
			isa = PBXNativeTarget;
			buildConfigurationList = 81924D69245A71CA00555208 /* Build configuration list for PBXNativeTarget "SwiftButton" */;
			buildPhases = (
				B794E931154A09F66424F2CE /* [CP] Check Pods Manifest.lock */,
				81924D51245A71C800555208 /* Sources */,
				81924D52245A71C800555208 /* Frameworks */,
				81924D53245A71C800555208 /* Resources */,
				32CAEB6B79710FF29ECAEA8D /* [CP] Embed Pods Frameworks */,
			);
			buildRules = (
			);
			dependencies = (
			);
			name = SwiftButton;
			productName = SwiftButton;
			productReference = 81924D55245A71C800555208 /* SwiftButton.app */;
			productType = "com.apple.product-type.application";
		};
/* End PBXNativeTarget section */

/* Begin PBXProject section */
		81924D4D245A71C800555208 /* Project object */ = {
			isa = PBXProject;
			attributes = {
				LastSwiftUpdateCheck = 1140;
				LastUpgradeCheck = 1140;
				ORGANIZATIONNAME = 36kr;
				TargetAttributes = {
					81924D54245A71C800555208 = {
						CreatedOnToolsVersion = 11.4.1;
					};
				};
			};
			buildConfigurationList = 81924D50245A71C800555208 /* Build configuration list for PBXProject "SwiftButton" */;
			compatibilityVersion = "Xcode 9.3";
			developmentRegion = en;
			hasScannedForEncodings = 0;
			knownRegions = (
				en,
				Base,
			);
			mainGroup = 81924D4C245A71C800555208;
			productRefGroup = 81924D56245A71C800555208 /* Products */;
			projectDirPath = "";
			projectRoot = "";
			targets = (
				81924D54245A71C800555208 /* SwiftButton */,
			);
		};
/* End PBXProject section */

/* Begin PBXResourcesBuildPhase section */
		81924D53245A71C800555208 /* Resources */ = {
			isa = PBXResourcesBuildPhase;
			buildActionMask = 2147483647;
			files = (
				81924D65245A71CA00555208 /* LaunchScreen.storyboard in Resources */,
				81924D62245A71CA00555208 /* Assets.xcassets in Resources */,
				81924D60245A71C800555208 /* Main.storyboard in Resources */,
			);
			runOnlyForDeploymentPostprocessing = 0;
		};
/* End PBXResourcesBuildPhase section */

/* Begin PBXShellScriptBuildPhase section */
		32CAEB6B79710FF29ECAEA8D /* [CP] Embed Pods Frameworks */ = {
			isa = PBXShellScriptBuildPhase;
			buildActionMask = 2147483647;
			files = (
			);
			inputFileListPaths = (
				"${PODS_ROOT}/Target Support Files/Pods-SwiftButton/Pods-SwiftButton-frameworks-${CONFIGURATION}-input-files.xcfilelist",
			);
			name = "[CP] Embed Pods Frameworks";
			outputFileListPaths = (
				"${PODS_ROOT}/Target Support Files/Pods-SwiftButton/Pods-SwiftButton-frameworks-${CONFIGURATION}-output-files.xcfilelist",
			);
			runOnlyForDeploymentPostprocessing = 0;
			shellPath = /bin/sh;
			shellScript = "\"${PODS_ROOT}/Target Support Files/Pods-SwiftButton/Pods-SwiftButton-frameworks.sh\"\n";
			showEnvVarsInLog = 0;
		};
		B794E931154A09F66424F2CE /* [CP] Check Pods Manifest.lock */ = {
			isa = PBXShellScriptBuildPhase;
			buildActionMask = 2147483647;
			files = (
			);
			inputFileListPaths = (
			);
			inputPaths = (
				"${PODS_PODFILE_DIR_PATH}/Podfile.lock",
				"${PODS_ROOT}/Manifest.lock",
			);
			name = "[CP] Check Pods Manifest.lock";
			outputFileListPaths = (
			);
			outputPaths = (
				"$(DERIVED_FILE_DIR)/Pods-SwiftButton-checkManifestLockResult.txt",
			);
			runOnlyForDeploymentPostprocessing = 0;
			shellPath = /bin/sh;
			shellScript = "diff \"${PODS_PODFILE_DIR_PATH}/Podfile.lock\" \"${PODS_ROOT}/Manifest.lock\" > /dev/null\nif [ $? != 0 ] ; then\n    # print error to STDERR\n    echo \"error: The sandbox is not in sync with the Podfile.lock. Run 'pod install' or update your CocoaPods installation.\" >&2\n    exit 1\nfi\n# This output is used by Xcode 'outputs' to avoid re-running this script phase.\necho \"SUCCESS\" > \"${SCRIPT_OUTPUT_FILE_0}\"\n";
			showEnvVarsInLog = 0;
		};
/* End PBXShellScriptBuildPhase section */

/* Begin PBXSourcesBuildPhase section */
		81924D51245A71C800555208 /* Sources */ = {
			isa = PBXSourcesBuildPhase;
			buildActionMask = 2147483647;
			files = (
				81924D5D245A71C800555208 /* ViewController.swift in Sources */,
				81924D59245A71C800555208 /* AppDelegate.swift in Sources */,
				81924D5B245A71C800555208 /* SceneDelegate.swift in Sources */,
				81924D6D245A71DE00555208 /* SwiftButton.swift in Sources */,
			);
			runOnlyForDeploymentPostprocessing = 0;
		};
/* End PBXSourcesBuildPhase section */

/* Begin PBXVariantGroup section */
		81924D5E245A71C800555208 /* Main.storyboard */ = {
			isa = PBXVariantGroup;
			children = (
				81924D5F245A71C800555208 /* Base */,
			);
			name = Main.storyboard;
			sourceTree = "<group>";
		};
		81924D63245A71CA00555208 /* LaunchScreen.storyboard */ = {
			isa = PBXVariantGroup;
			children = (
				81924D64245A71CA00555208 /* Base */,
			);
			name = LaunchScreen.storyboard;
			sourceTree = "<group>";
		};
/* End PBXVariantGroup section */

/* Begin XCBuildConfiguration section */
		81924D67245A71CA00555208 /* Debug */ = {
			isa = XCBuildConfiguration;
			buildSettings = {
				ALWAYS_SEARCH_USER_PATHS = NO;
				CLANG_ANALYZER_NONNULL = YES;
				CLANG_ANALYZER_NUMBER_OBJECT_CONVERSION = YES_AGGRESSIVE;
				CLANG_CXX_LANGUAGE_STANDARD = "gnu++14";
				CLANG_CXX_LIBRARY = "libc++";
				CLANG_ENABLE_MODULES = YES;
				CLANG_ENABLE_OBJC_ARC = YES;
				CLANG_ENABLE_OBJC_WEAK = YES;
				CLANG_WARN_BLOCK_CAPTURE_AUTORELEASING = YES;
				CLANG_WARN_BOOL_CONVERSION = YES;
				CLANG_WARN_COMMA = YES;
				CLANG_WARN_CONSTANT_CONVERSION = YES;
				CLANG_WARN_DEPRECATED_OBJC_IMPLEMENTATIONS = YES;
				CLANG_WARN_DIRECT_OBJC_ISA_USAGE = YES_ERROR;
				CLANG_WARN_DOCUMENTATION_COMMENTS = YES;
				CLANG_WARN_EMPTY_BODY = YES;
				CLANG_WARN_ENUM_CONVERSION = YES;
				CLANG_WARN_INFINITE_RECURSION = YES;
				CLANG_WARN_INT_CONVERSION = YES;
				CLANG_WARN_NON_LITERAL_NULL_CONVERSION = YES;
				CLANG_WARN_OBJC_IMPLICIT_RETAIN_SELF = YES;
				CLANG_WARN_OBJC_LITERAL_CONVERSION = YES;
				CLANG_WARN_OBJC_ROOT_CLASS = YES_ERROR;
				CLANG_WARN_RANGE_LOOP_ANALYSIS = YES;
				CLANG_WARN_STRICT_PROTOTYPES = YES;
				CLANG_WARN_SUSPICIOUS_MOVE = YES;
				CLANG_WARN_UNGUARDED_AVAILABILITY = YES_AGGRESSIVE;
				CLANG_WARN_UNREACHABLE_CODE = YES;
				CLANG_WARN__DUPLICATE_METHOD_MATCH = YES;
				COPY_PHASE_STRIP = NO;
				DEBUG_INFORMATION_FORMAT = dwarf;
				ENABLE_STRICT_OBJC_MSGSEND = YES;
				ENABLE_TESTABILITY = YES;
				GCC_C_LANGUAGE_STANDARD = gnu11;
				GCC_DYNAMIC_NO_PIC = NO;
				GCC_NO_COMMON_BLOCKS = YES;
				GCC_OPTIMIZATION_LEVEL = 0;
				GCC_PREPROCESSOR_DEFINITIONS = (
					"DEBUG=1",
					"$(inherited)",
				);
				GCC_WARN_64_TO_32_BIT_CONVERSION = YES;
				GCC_WARN_ABOUT_RETURN_TYPE = YES_ERROR;
				GCC_WARN_UNDECLARED_SELECTOR = YES;
				GCC_WARN_UNINITIALIZED_AUTOS = YES_AGGRESSIVE;
				GCC_WARN_UNUSED_FUNCTION = YES;
				GCC_WARN_UNUSED_VARIABLE = YES;
				IPHONEOS_DEPLOYMENT_TARGET = 13.4;
				MTL_ENABLE_DEBUG_INFO = INCLUDE_SOURCE;
				MTL_FAST_MATH = YES;
				ONLY_ACTIVE_ARCH = YES;
				SDKROOT = iphoneos;
				SWIFT_ACTIVE_COMPILATION_CONDITIONS = DEBUG;
				SWIFT_OPTIMIZATION_LEVEL = "-Onone";
			};
			name = Debug;
		};
		81924D68245A71CA00555208 /* Release */ = {
			isa = XCBuildConfiguration;
			buildSettings = {
				ALWAYS_SEARCH_USER_PATHS = NO;
				CLANG_ANALYZER_NONNULL = YES;
				CLANG_ANALYZER_NUMBER_OBJECT_CONVERSION = YES_AGGRESSIVE;
				CLANG_CXX_LANGUAGE_STANDARD = "gnu++14";
				CLANG_CXX_LIBRARY = "libc++";
				CLANG_ENABLE_MODULES = YES;
				CLANG_ENABLE_OBJC_ARC = YES;
				CLANG_ENABLE_OBJC_WEAK = YES;
				CLANG_WARN_BLOCK_CAPTURE_AUTORELEASING = YES;
				CLANG_WARN_BOOL_CONVERSION = YES;
				CLANG_WARN_COMMA = YES;
				CLANG_WARN_CONSTANT_CONVERSION = YES;
				CLANG_WARN_DEPRECATED_OBJC_IMPLEMENTATIONS = YES;
				CLANG_WARN_DIRECT_OBJC_ISA_USAGE = YES_ERROR;
				CLANG_WARN_DOCUMENTATION_COMMENTS = YES;
				CLANG_WARN_EMPTY_BODY = YES;
				CLANG_WARN_ENUM_CONVERSION = YES;
				CLANG_WARN_INFINITE_RECURSION = YES;
				CLANG_WARN_INT_CONVERSION = YES;
				CLANG_WARN_NON_LITERAL_NULL_CONVERSION = YES;
				CLANG_WARN_OBJC_IMPLICIT_RETAIN_SELF = YES;
				CLANG_WARN_OBJC_LITERAL_CONVERSION = YES;
				CLANG_WARN_OBJC_ROOT_CLASS = YES_ERROR;
				CLANG_WARN_RANGE_LOOP_ANALYSIS = YES;
				CLANG_WARN_STRICT_PROTOTYPES = YES;
				CLANG_WARN_SUSPICIOUS_MOVE = YES;
				CLANG_WARN_UNGUARDED_AVAILABILITY = YES_AGGRESSIVE;
				CLANG_WARN_UNREACHABLE_CODE = YES;
				CLANG_WARN__DUPLICATE_METHOD_MATCH = YES;
				COPY_PHASE_STRIP = NO;
				DEBUG_INFORMATION_FORMAT = "dwarf-with-dsym";
				ENABLE_NS_ASSERTIONS = NO;
				ENABLE_STRICT_OBJC_MSGSEND = YES;
				GCC_C_LANGUAGE_STANDARD = gnu11;
				GCC_NO_COMMON_BLOCKS = YES;
				GCC_WARN_64_TO_32_BIT_CONVERSION = YES;
				GCC_WARN_ABOUT_RETURN_TYPE = YES_ERROR;
				GCC_WARN_UNDECLARED_SELECTOR = YES;
				GCC_WARN_UNINITIALIZED_AUTOS = YES_AGGRESSIVE;
				GCC_WARN_UNUSED_FUNCTION = YES;
				GCC_WARN_UNUSED_VARIABLE = YES;
				IPHONEOS_DEPLOYMENT_TARGET = 13.4;
				MTL_ENABLE_DEBUG_INFO = NO;
				MTL_FAST_MATH = YES;
				SDKROOT = iphoneos;
				SWIFT_COMPILATION_MODE = wholemodule;
				SWIFT_OPTIMIZATION_LEVEL = "-O";
				VALIDATE_PRODUCT = YES;
			};
			name = Release;
		};
		81924D6A245A71CA00555208 /* Debug */ = {
			isa = XCBuildConfiguration;
			baseConfigurationReference = DEA6658717458D5704D51C3A /* Pods-SwiftButton.debug.xcconfig */;
			buildSettings = {
				ASSETCATALOG_COMPILER_APPICON_NAME = AppIcon;
				CODE_SIGN_STYLE = Automatic;
				DEVELOPMENT_TEAM = 5VKELUV868;
				INFOPLIST_FILE = SwiftButton/Info.plist;
				LD_RUNPATH_SEARCH_PATHS = (
					"$(inherited)",
					"@executable_path/Frameworks",
				);
				PRODUCT_BUNDLE_IDENTIFIER = com.36kr.iosclient.SwiftButton;
				PRODUCT_NAME = "$(TARGET_NAME)";
				SWIFT_VERSION = 5.0;
				TARGETED_DEVICE_FAMILY = "1,2";
			};
			name = Debug;
		};
		81924D6B245A71CA00555208 /* Release */ = {
			isa = XCBuildConfiguration;
			baseConfigurationReference = 858E65DD36A36C3EC1940A2F /* Pods-SwiftButton.release.xcconfig */;
			buildSettings = {
				ASSETCATALOG_COMPILER_APPICON_NAME = AppIcon;
				CODE_SIGN_STYLE = Automatic;
				DEVELOPMENT_TEAM = 5VKELUV868;
				INFOPLIST_FILE = SwiftButton/Info.plist;
				LD_RUNPATH_SEARCH_PATHS = (
					"$(inherited)",
					"@executable_path/Frameworks",
				);
				PRODUCT_BUNDLE_IDENTIFIER = com.36kr.iosclient.SwiftButton;
				PRODUCT_NAME = "$(TARGET_NAME)";
				SWIFT_VERSION = 5.0;
				TARGETED_DEVICE_FAMILY = "1,2";
			};
			name = Release;
		};
/* End XCBuildConfiguration section */

/* Begin XCConfigurationList section */
		81924D50245A71C800555208 /* Build configuration list for PBXProject "SwiftButton" */ = {
			isa = XCConfigurationList;
			buildConfigurations = (
				81924D67245A71CA00555208 /* Debug */,
				81924D68245A71CA00555208 /* Release */,
			);
			defaultConfigurationIsVisible = 0;
			defaultConfigurationName = Release;
		};
		81924D69245A71CA00555208 /* Build configuration list for PBXNativeTarget "SwiftButton" */ = {
			isa = XCConfigurationList;
			buildConfigurations = (
				81924D6A245A71CA00555208 /* Debug */,
				81924D6B245A71CA00555208 /* Release */,
			);
			defaultConfigurationIsVisible = 0;
			defaultConfigurationName = Release;
		};
/* End XCConfigurationList section */
	};
	rootObject = 81924D4D245A71C800555208 /* Project object */;
}
